{
  "object": {
    "pins": [
      {
        "package": "OpenSSL",
        "repositoryURL": "https://github.com/krzyzanowskim/OpenSSL.git",
        "state": {
          "branch": null,
          "revision": "8cb1d641ab5ebce2cd7cf31c93baef07bed672d4",
          "version": "1.1.2301"
        }
      }
    ]
  },
  "version": 1
}
